
Microsoft Visual Studio Solution File, Format Version 12.00
# Visual Studio Version 17
VisualStudioVersion = 17.8.34316.72
MinimumVisualStudioVersion = 10.0.40219.1
Project("{8BC9CEB8-8B4A-11D0-8D11-00A0C91BC942}") = "Chapter1_11", "Chapter1_11\Chapter1_11.vcxproj", "{9BF8F73B-334D-42BF-A34F-A8F9E67DDE0B}"
EndProject
Project("{8BC9CEB8-8B4A-11D0-8D11-00A0C91BC942}") = "Chapter1_12", "Chapter1_12\Chapter1_12.vcxproj", "{76D60831-3E6B-4565-A2D7-4FA9B158B400}"
EndProject
Project("{8BC9CEB8-8B4A-11D0-8D11-00A0C91BC942}") = "Chapter1_13", "Chapter1_13\Chapter1_13.vcxproj", "{EDB5C637-9521-41C4-9222-DD591F0AC5AE}"
EndProject
Project("{8BC9CEB8-8B4A-11D0-8D11-00A0C91BC942}") = "Chapter1_14", "Chapter1_14\Chapter1_14.vcxproj", "{B1556CCC-4923-45CC-9C72-8D8DD5D75E86}"
EndProject
Global
	GlobalSection(SolutionConfigurationPlatforms) = preSolution
		Debug|x64 = Debug|x64
		Debug|x86 = Debug|x86
		Release|x64 = Release|x64
		Release|x86 = Release|x86
	EndGlobalSection
	GlobalSection(ProjectConfigurationPlatforms) = postSolution
		{9BF8F73B-334D-42BF-A34F-A8F9E67DDE0B}.Debug|x64.ActiveCfg = Debug|x64
		{9BF8F73B-334D-42BF-A34F-A8F9E67DDE0B}.Debug|x64.Build.0 = Debug|x64
		{9BF8F73B-334D-42BF-A34F-A8F9E67DDE0B}.Debug|x86.ActiveCfg = Debug|Win32
		{9BF8F73B-334D-42BF-A34F-A8F9E67DDE0B}.Debug|x86.Build.0 = Debug|Win32
		{9BF8F73B-334D-42BF-A34F-A8F9E67DDE0B}.Release|x64.ActiveCfg = Release|x64
		{9BF8F73B-334D-42BF-A34F-A8F9E67DDE0B}.Release|x64.Build.0 = Release|x64
		{9BF8F73B-334D-42BF-A34F-A8F9E67DDE0B}.Release|x86.ActiveCfg = Release|Win32
		{9BF8F73B-334D-42BF-A34F-A8F9E67DDE0B}.Release|x86.Build.0 = Release|Win32
		{76D60831-3E6B-4565-A2D7-4FA9B158B400}.Debug|x64.ActiveCfg = Debug|x64
		{76D60831-3E6B-4565-A2D7-4FA9B158B400}.Debug|x64.Build.0 = Debug|x64
		{76D60831-3E6B-4565-A2D7-4FA9B158B400}.Debug|x86.ActiveCfg = Debug|Win32
		{76D60831-3E6B-4565-A2D7-4FA9B158B400}.Debug|x86.Build.0 = Debug|Win32
		{76D60831-3E6B-4565-A2D7-4FA9B158B400}.Release|x64.ActiveCfg = Release|x64
		{76D60831-3E6B-4565-A2D7-4FA9B158B400}.Release|x64.Build.0 = Release|x64
		{76D60831-3E6B-4565-A2D7-4FA9B158B400}.Release|x86.ActiveCfg = Release|Win32
		{76D60831-3E6B-4565-A2D7-4FA9B158B400}.Release|x86.Build.0 = Release|Win32
		{EDB5C637-9521-41C4-9222-DD591F0AC5AE}.Debug|x64.ActiveCfg = Debug|x64
		{EDB5C637-9521-41C4-9222-DD591F0AC5AE}.Debug|x64.Build.0 = Debug|x64
		{EDB5C637-9521-41C4-9222-DD591F0AC5AE}.Debug|x86.ActiveCfg = Debug|Win32
		{EDB5C637-9521-41C4-9222-DD591F0AC5AE}.Debug|x86.Build.0 = Debug|Win32
		{EDB5C637-9521-41C4-9222-DD591F0AC5AE}.Release|x64.ActiveCfg = Release|x64
		{EDB5C637-9521-41C4-9222-DD591F0AC5AE}.Release|x64.Build.0 = Release|x64
		{EDB5C637-9521-41C4-9222-DD591F0AC5AE}.Release|x86.ActiveCfg = Release|Win32
		{EDB5C637-9521-41C4-9222-DD591F0AC5AE}.Release|x86.Build.0 = Release|Win32
		{B1556CCC-4923-45CC-9C72-8D8DD5D75E86}.Debug|x64.ActiveCfg = Debug|x64
		{B1556CCC-4923-45CC-9C72-8D8DD5D75E86}.Debug|x64.Build.0 = Debug|x64
		{B1556CCC-4923-45CC-9C72-8D8DD5D75E86}.Debug|x86.ActiveCfg = Debug|Win32
		{B1556CCC-4923-45CC-9C72-8D8DD5D75E86}.Debug|x86.Build.0 = Debug|Win32
		{B1556CCC-4923-45CC-9C72-8D8DD5D75E86}.Release|x64.ActiveCfg = Release|x64
		{B1556CCC-4923-45CC-9C72-8D8DD5D75E86}.Release|x64.Build.0 = Release|x64
		{B1556CCC-4923-45CC-9C72-8D8DD5D75E86}.Release|x86.ActiveCfg = Release|Win32
		{B1556CCC-4923-45CC-9C72-8D8DD5D75E86}.Release|x86.Build.0 = Release|Win32
	EndGlobalSection
	GlobalSection(SolutionProperties) = preSolution
		HideSolutionNode = FALSE
	EndGlobalSection
	GlobalSection(ExtensibilityGlobals) = postSolution
		SolutionGuid = {898C4D63-7465-4B6E-B525-DD919B141F8F}
	EndGlobalSection
EndGlobal
